
Microsoft Visual Studio Solution File, Format Version 12.00
# Visual Studio Version 16
VisualStudioVersion = 16.0.29709.97
MinimumVisualStudioVersion = 10.0.40219.1
Project("{FAE04EC0-301F-11D3-BF4B-00C04F79EFBC}") = "RegressionPackAPITests", "RegressionPackAPITests\RegressionPackAPITests.csproj", "{BA839F80-BD44-4A9C-BCF7-47213D1B7D40}"
EndProject
Global
	GlobalSection(SolutionConfigurationPlatforms) = preSolution
		Debug|Any CPU = Debug|Any CPU
		Release|Any CPU = Release|Any CPU
	EndGlobalSection
	GlobalSection(ProjectConfigurationPlatforms) = postSolution
		{BA839F80-BD44-4A9C-BCF7-47213D1B7D40}.Debug|Any CPU.ActiveCfg = Debug|Any CPU
		{BA839F80-BD44-4A9C-BCF7-47213D1B7D40}.Debug|Any CPU.Build.0 = Debug|Any CPU
		{BA839F80-BD44-4A9C-BCF7-47213D1B7D40}.Release|Any CPU.ActiveCfg = Release|Any CPU
		{BA839F80-BD44-4A9C-BCF7-47213D1B7D40}.Release|Any CPU.Build.0 = Release|Any CPU
	EndGlobalSection
	GlobalSection(SolutionProperties) = preSolution
		HideSolutionNode = FALSE
	EndGlobalSection
	GlobalSection(ExtensibilityGlobals) = postSolution
		SolutionGuid = {FCAE1227-D90B-440A-8D55-F684EE9269D3}
	EndGlobalSection
EndGlobal
